
Microsoft Visual Studio Solution File, Format Version 12.00
# Visual Studio Version 17
VisualStudioVersion = 17.5.002.0
MinimumVisualStudioVersion = 10.0.40219.1
Project("{9A19103F-16F7-4668-BE54-9A1E7A4F7556}") = "Gwent_C#_Code", "Gwent_C#_Code.csproj", "{9D6834FD-E813-467B-AC85-A0FEA9567003}"
EndProject
Global
	GlobalSection(SolutionConfigurationPlatforms) = preSolution
		Debug|Any CPU = Debug|Any CPU
		Release|Any CPU = Release|Any CPU
	EndGlobalSection
	GlobalSection(ProjectConfigurationPlatforms) = postSolution
		{9D6834FD-E813-467B-AC85-A0FEA9567003}.Debug|Any CPU.ActiveCfg = Debug|Any CPU
		{9D6834FD-E813-467B-AC85-A0FEA9567003}.Debug|Any CPU.Build.0 = Debug|Any CPU
		{9D6834FD-E813-467B-AC85-A0FEA9567003}.Release|Any CPU.ActiveCfg = Release|Any CPU
		{9D6834FD-E813-467B-AC85-A0FEA9567003}.Release|Any CPU.Build.0 = Release|Any CPU
	EndGlobalSection
	GlobalSection(SolutionProperties) = preSolution
		HideSolutionNode = FALSE
	EndGlobalSection
	GlobalSection(ExtensibilityGlobals) = postSolution
		SolutionGuid = {C0F542F0-CE93-4064-8443-9CBF98222818}
	EndGlobalSection
EndGlobal
